
Microsoft Visual Studio Solution File, Format Version 12.00
# Visual Studio 15
VisualStudioVersion = 15.0.28307.1209
MinimumVisualStudioVersion = 10.0.40219.1
Project("{FAE04EC0-301F-11D3-BF4B-00C04F79EFBC}") = "HomoForKids", "HomoForKids.csproj", "{8832B207-6170-4025-AAF4-107D1512F425}"
EndProject
Project("{FAE04EC0-301F-11D3-BF4B-00C04F79EFBC}") = "Bromo", "..\Bromo\Bromo.csproj", "{22D57296-C4BF-49E7-90E9-47928C53028B}"
EndProject
Project("{FAE04EC0-301F-11D3-BF4B-00C04F79EFBC}") = "KontolApp", "KontolApp\KontolApp.csproj", "{24C51FA4-2088-427E-AD37-202896E41298}"
EndProject
Global
	GlobalSection(SolutionConfigurationPlatforms) = preSolution
		Debug|Any CPU = Debug|Any CPU
		Release|Any CPU = Release|Any CPU
	EndGlobalSection
	GlobalSection(ProjectConfigurationPlatforms) = postSolution
		{8832B207-6170-4025-AAF4-107D1512F425}.Debug|Any CPU.ActiveCfg = Debug|Any CPU
		{8832B207-6170-4025-AAF4-107D1512F425}.Debug|Any CPU.Build.0 = Debug|Any CPU
		{8832B207-6170-4025-AAF4-107D1512F425}.Release|Any CPU.ActiveCfg = Release|Any CPU
		{8832B207-6170-4025-AAF4-107D1512F425}.Release|Any CPU.Build.0 = Release|Any CPU
		{22D57296-C4BF-49E7-90E9-47928C53028B}.Debug|Any CPU.ActiveCfg = Debug|Any CPU
		{22D57296-C4BF-49E7-90E9-47928C53028B}.Debug|Any CPU.Build.0 = Debug|Any CPU
		{22D57296-C4BF-49E7-90E9-47928C53028B}.Release|Any CPU.ActiveCfg = Release|Any CPU
		{22D57296-C4BF-49E7-90E9-47928C53028B}.Release|Any CPU.Build.0 = Release|Any CPU
		{24C51FA4-2088-427E-AD37-202896E41298}.Debug|Any CPU.ActiveCfg = Debug|Any CPU
		{24C51FA4-2088-427E-AD37-202896E41298}.Debug|Any CPU.Build.0 = Debug|Any CPU
		{24C51FA4-2088-427E-AD37-202896E41298}.Release|Any CPU.ActiveCfg = Release|Any CPU
		{24C51FA4-2088-427E-AD37-202896E41298}.Release|Any CPU.Build.0 = Release|Any CPU
	EndGlobalSection
	GlobalSection(SolutionProperties) = preSolution
		HideSolutionNode = FALSE
	EndGlobalSection
	GlobalSection(ExtensibilityGlobals) = postSolution
		SolutionGuid = {7DCC51C5-062A-4CCA-B302-592D5E466903}
	EndGlobalSection
EndGlobal
